
Microsoft Visual Studio Solution File, Format Version 12.00
# Visual Studio Version 16
VisualStudioVersion = 16.0.30611.23
MinimumVisualStudioVersion = 10.0.40219.1
Project("{FAE04EC0-301F-11D3-BF4B-00C04F79EFBC}") = "CSharp_Completo.Console", "CSharp_Completo.Console\CSharp_Completo.Console.csproj", "{64357734-DCAA-4E61-905E-3C0BC57F2798}"
	ProjectSection(ProjectDependencies) = postProject
		{A96BA999-8C25-4CEC-920A-EC5C73C459CE} = {A96BA999-8C25-4CEC-920A-EC5C73C459CE}
	EndProjectSection
EndProject
Project("{FAE04EC0-301F-11D3-BF4B-00C04F79EFBC}") = "CSharp_Completo.Library", "CSharp_Completo.Library\CSharp_Completo.Library.csproj", "{A96BA999-8C25-4CEC-920A-EC5C73C459CE}"
EndProject
Global
	GlobalSection(SolutionConfigurationPlatforms) = preSolution
		Debug|Any CPU = Debug|Any CPU
		Release|Any CPU = Release|Any CPU
	EndGlobalSection
	GlobalSection(ProjectConfigurationPlatforms) = postSolution
		{64357734-DCAA-4E61-905E-3C0BC57F2798}.Debug|Any CPU.ActiveCfg = Debug|Any CPU
		{64357734-DCAA-4E61-905E-3C0BC57F2798}.Debug|Any CPU.Build.0 = Debug|Any CPU
		{64357734-DCAA-4E61-905E-3C0BC57F2798}.Release|Any CPU.ActiveCfg = Release|Any CPU
		{64357734-DCAA-4E61-905E-3C0BC57F2798}.Release|Any CPU.Build.0 = Release|Any CPU
		{A96BA999-8C25-4CEC-920A-EC5C73C459CE}.Debug|Any CPU.ActiveCfg = Debug|Any CPU
		{A96BA999-8C25-4CEC-920A-EC5C73C459CE}.Debug|Any CPU.Build.0 = Debug|Any CPU
		{A96BA999-8C25-4CEC-920A-EC5C73C459CE}.Release|Any CPU.ActiveCfg = Release|Any CPU
		{A96BA999-8C25-4CEC-920A-EC5C73C459CE}.Release|Any CPU.Build.0 = Release|Any CPU
	EndGlobalSection
	GlobalSection(SolutionProperties) = preSolution
		HideSolutionNode = FALSE
	EndGlobalSection
	GlobalSection(ExtensibilityGlobals) = postSolution
		SolutionGuid = {8B082C0A-9134-4949-A392-F33DD4C91337}
	EndGlobalSection
EndGlobal
